
Microsoft Visual Studio Solution File, Format Version 12.00
# Visual Studio 14
VisualStudioVersion = 14.0.23107.0
MinimumVisualStudioVersion = 10.0.40219.1
Project("{FAE04EC0-301F-11D3-BF4B-00C04F79EFBC}") = "bobs boxes 1.5", "bobs boxes 1.5\bobs boxes 1.5.csproj", "{7B7315CF-1ED1-48C9-9FC0-F70205839F98}"
EndProject
Global
	GlobalSection(SolutionConfigurationPlatforms) = preSolution
		Debug|Any CPU = Debug|Any CPU
		Release|Any CPU = Release|Any CPU
	EndGlobalSection
	GlobalSection(ProjectConfigurationPlatforms) = postSolution
		{7B7315CF-1ED1-48C9-9FC0-F70205839F98}.Debug|Any CPU.ActiveCfg = Debug|Any CPU
		{7B7315CF-1ED1-48C9-9FC0-F70205839F98}.Debug|Any CPU.Build.0 = Debug|Any CPU
		{7B7315CF-1ED1-48C9-9FC0-F70205839F98}.Release|Any CPU.ActiveCfg = Release|Any CPU
		{7B7315CF-1ED1-48C9-9FC0-F70205839F98}.Release|Any CPU.Build.0 = Release|Any CPU
	EndGlobalSection
	GlobalSection(SolutionProperties) = preSolution
		HideSolutionNode = FALSE
	EndGlobalSection
EndGlobal
